
Microsoft Visual Studio Solution File, Format Version 12.00
# Visual Studio Version 17
VisualStudioVersion = 17.13.35825.156
MinimumVisualStudioVersion = 10.0.40219.1
Project("{FAE04EC0-301F-11D3-BF4B-00C04F79EFBC}") = "Projet_5.Web", "Projet_5.Web\Projet_5.Web.csproj", "{0A786E29-DBD1-268E-A202-F257542D31AF}"
EndProject
Project("{FAE04EC0-301F-11D3-BF4B-00C04F79EFBC}") = "Projet_5.Data", "Projet_5.Data\Projet_5.Data.csproj", "{CC1D769A-0F0C-7D39-452F-5DD2B466DAB5}"
EndProject
Project("{FAE04EC0-301F-11D3-BF4B-00C04F79EFBC}") = "Projet_5.Core", "Projet_5.Core\Projet_5.Core.csproj", "{8EA8F3E9-A4A9-551E-99B9-D1A3ACBFA8F0}"
EndProject
Project("{FAE04EC0-301F-11D3-BF4B-00C04F79EFBC}") = "Projet_5.Tests", "Projet_5_Tests\Projet_5.Tests.csproj", "{A20DCEEE-A944-E96B-41A7-6DB8ACBADF85}"
EndProject
Global
	GlobalSection(SolutionConfigurationPlatforms) = preSolution
		Debug|Any CPU = Debug|Any CPU
		Release|Any CPU = Release|Any CPU
	EndGlobalSection
	GlobalSection(ProjectConfigurationPlatforms) = postSolution
		{0A786E29-DBD1-268E-A202-F257542D31AF}.Debug|Any CPU.ActiveCfg = Debug|Any CPU
		{0A786E29-DBD1-268E-A202-F257542D31AF}.Debug|Any CPU.Build.0 = Debug|Any CPU
		{0A786E29-DBD1-268E-A202-F257542D31AF}.Release|Any CPU.ActiveCfg = Release|Any CPU
		{0A786E29-DBD1-268E-A202-F257542D31AF}.Release|Any CPU.Build.0 = Release|Any CPU
		{CC1D769A-0F0C-7D39-452F-5DD2B466DAB5}.Debug|Any CPU.ActiveCfg = Debug|Any CPU
		{CC1D769A-0F0C-7D39-452F-5DD2B466DAB5}.Debug|Any CPU.Build.0 = Debug|Any CPU
		{CC1D769A-0F0C-7D39-452F-5DD2B466DAB5}.Release|Any CPU.ActiveCfg = Release|Any CPU
		{CC1D769A-0F0C-7D39-452F-5DD2B466DAB5}.Release|Any CPU.Build.0 = Release|Any CPU
		{8EA8F3E9-A4A9-551E-99B9-D1A3ACBFA8F0}.Debug|Any CPU.ActiveCfg = Debug|Any CPU
		{8EA8F3E9-A4A9-551E-99B9-D1A3ACBFA8F0}.Debug|Any CPU.Build.0 = Debug|Any CPU
		{8EA8F3E9-A4A9-551E-99B9-D1A3ACBFA8F0}.Release|Any CPU.ActiveCfg = Release|Any CPU
		{8EA8F3E9-A4A9-551E-99B9-D1A3ACBFA8F0}.Release|Any CPU.Build.0 = Release|Any CPU
		{A20DCEEE-A944-E96B-41A7-6DB8ACBADF85}.Debug|Any CPU.ActiveCfg = Debug|Any CPU
		{A20DCEEE-A944-E96B-41A7-6DB8ACBADF85}.Debug|Any CPU.Build.0 = Debug|Any CPU
		{A20DCEEE-A944-E96B-41A7-6DB8ACBADF85}.Release|Any CPU.ActiveCfg = Release|Any CPU
		{A20DCEEE-A944-E96B-41A7-6DB8ACBADF85}.Release|Any CPU.Build.0 = Release|Any CPU
	EndGlobalSection
	GlobalSection(SolutionProperties) = preSolution
		HideSolutionNode = FALSE
	EndGlobalSection
	GlobalSection(ExtensibilityGlobals) = postSolution
		SolutionGuid = {2C66D9F8-C18F-40D2-B7F5-4D694332378F}
	EndGlobalSection
EndGlobal
